{
  "name": "discordbot",
  "version": "1.0.0",
  "lockfileVersion": 2,
  "requires": true,
  "packages": {
    "": {
      "name": "discordbot",
      "version": "1.0.0",
      "license": "ISC",
      "dependencies": {
        "busboy": "^1.6.0",
        "discord-api-types": "^0.37.14",
        "discord.js": "^14.6.0",
        "dotenv": "^16.0.3",
        "fast-deep-equal": "^3.1.3",
        "file-type": "^18.0.0",
        "ieee754": "^1.2.1",
        "inherits": "^2.0.4",
        "lodash.snakecase": "^4.1.1",
        "lodash.uniqwith": "^4.5.0",
        "mysql": "^2.18.1",
        "peek-readable": "^5.0.0",
        "readable-stream": "^3.6.0",
        "readable-web-to-node-stream": "^3.0.2",
        "safe-buffer": "^5.2.1",
        "streamsearch": "^1.1.0",
        "string_decoder": "^1.3.0",
        "strtok3": "^7.0.0",
        "token-types": "^5.0.1",
        "ts-mixer": "^6.0.1",
        "tslib": "^2.4.0",
        "undici": "^5.11.0",
        "util-deprecate": "^1.0.2",
        "ws": "^8.9.0"
      }
    },
    "node_modules/@discordjs/builders": {
      "version": "1.3.0",
      "license": "Apache-2.0",
      "dependencies": {
        "@discordjs/util": "^0.1.0",
        "@sapphire/shapeshift": "^3.7.0",
        "discord-api-types": "^0.37.12",
        "fast-deep-equal": "^3.1.3",
        "ts-mixer": "^6.0.1",
        "tslib": "^2.4.0"
      },
      "engines": {
        "node": ">=16.9.0"
      }
    },
    "node_modules/@discordjs/collection": {
      "version": "1.2.0",
      "license": "Apache-2.0",
      "engines": {
        "node": ">=16.9.0"
      }
    },
    "node_modules/@discordjs/rest": {
      "version": "1.3.0",
      "license": "Apache-2.0",
      "dependencies": {
        "@discordjs/collection": "^1.2.0",
        "@discordjs/util": "^0.1.0",
        "@sapphire/async-queue": "^1.5.0",
        "@sapphire/snowflake": "^3.2.2",
        "discord-api-types": "^0.37.12",
        "file-type": "^18.0.0",
        "tslib": "^2.4.0",
        "undici": "^5.11.0"
      },
      "engines": {
        "node": ">=16.9.0"
      }
    },
    "node_modules/@discordjs/util": {
      "version": "0.1.0",
      "license": "Apache-2.0",
      "engines": {
        "node": ">=16.9.0"
      }
    },
    "node_modules/@sapphire/async-queue": {
      "version": "1.5.0",
      "license": "MIT",
      "engines": {
        "node": ">=v14.0.0",
        "npm": ">=7.0.0"
      }
    },
    "node_modules/@sapphire/shapeshift": {
      "version": "3.7.0",
      "license": "MIT",
      "dependencies": {
        "fast-deep-equal": "^3.1.3",
        "lodash.uniqwith": "^4.5.0"
      },
      "engines": {
        "node": ">=v14.0.0",
        "npm": ">=7.0.0"
      }
    },
    "node_modules/@sapphire/snowflake": {
      "version": "3.2.2",
      "license": "MIT",
      "engines": {
        "node": ">=v14.0.0",
        "npm": ">=7.0.0"
      }
    },
    "node_modules/@tokenizer/token": {
      "version": "0.3.0",
      "license": "MIT"
    },
    "node_modules/@types/node": {
      "version": "18.11.0",
      "license": "MIT"
    },
    "node_modules/@types/ws": {
      "version": "8.5.3",
      "license": "MIT",
      "dependencies": {
        "@types/node": "*"
      }
    },
    "node_modules/bignumber.js": {
      "version": "9.0.0",
      "resolved": "https://registry.npmjs.org/bignumber.js/-/bignumber.js-9.0.0.tgz",
      "integrity": "sha512-t/OYhhJ2SD+YGBQcjY8GzzDHEk9f3nerxjtfa6tlMXfe7frs/WozhvCNoGvpM0P3bNf3Gq5ZRMlGr5f3r4/N8A==",
      "engines": {
        "node": "*"
      }
    },
    "node_modules/busboy": {
      "version": "1.6.0",
      "dependencies": {
        "streamsearch": "^1.1.0"
      },
      "engines": {
        "node": ">=10.16.0"
      }
    },
    "node_modules/core-util-is": {
      "version": "1.0.3",
      "resolved": "https://registry.npmjs.org/core-util-is/-/core-util-is-1.0.3.tgz",
      "integrity": "sha512-ZQBvi1DcpJ4GDqanjucZ2Hj3wEO5pZDS89BWbkcrvdxksJorwUDDZamX9ldFkp9aw2lmBDLgkObEA4DWNJ9FYQ=="
    },
    "node_modules/discord-api-types": {
      "version": "0.37.14",
      "license": "MIT"
    },
    "node_modules/discord.js": {
      "version": "14.6.0",
      "resolved": "https://registry.npmjs.org/discord.js/-/discord.js-14.6.0.tgz",
      "integrity": "sha512-On1K7xpJZRe0KsziIaDih2ksYPhgxym/ZqV45i1f3yig4vUotikqs7qp5oXiTzQ/UTiNRCixUWFTh7vA1YBCqw==",
      "dependencies": {
        "@discordjs/builders": "^1.3.0",
        "@discordjs/collection": "^1.2.0",
        "@discordjs/rest": "^1.3.0",
        "@discordjs/util": "^0.1.0",
        "@sapphire/snowflake": "^3.2.2",
        "@types/ws": "^8.5.3",
        "discord-api-types": "^0.37.12",
        "fast-deep-equal": "^3.1.3",
        "lodash.snakecase": "^4.1.1",
        "tslib": "^2.4.0",
        "undici": "^5.11.0",
        "ws": "^8.9.0"
      },
      "engines": {
        "node": ">=16.9.0"
      }
    },
    "node_modules/dotenv": {
      "version": "16.0.3",
      "resolved": "https://registry.npmjs.org/dotenv/-/dotenv-16.0.3.tgz",
      "integrity": "sha512-7GO6HghkA5fYG9TYnNxi14/7K9f5occMlp3zXAuSxn7CKCxt9xbNWG7yF8hTCSUchlfWSe3uLmlPfigevRItzQ==",
      "engines": {
        "node": ">=12"
      }
    },
    "node_modules/fast-deep-equal": {
      "version": "3.1.3",
      "license": "MIT"
    },
    "node_modules/file-type": {
      "version": "18.0.0",
      "license": "MIT",
      "dependencies": {
        "readable-web-to-node-stream": "^3.0.2",
        "strtok3": "^7.0.0",
        "token-types": "^5.0.1"
      },
      "engines": {
        "node": ">=14.16"
      },
      "funding": {
        "url": "https://github.com/sindresorhus/file-type?sponsor=1"
      }
    },
    "node_modules/ieee754": {
      "version": "1.2.1",
      "funding": [
        {
          "type": "github",
          "url": "https://github.com/sponsors/feross"
        },
        {
          "type": "patreon",
          "url": "https://www.patreon.com/feross"
        },
        {
          "type": "consulting",
          "url": "https://feross.org/support"
        }
      ],
      "license": "BSD-3-Clause"
    },
    "node_modules/inherits": {
      "version": "2.0.4",
      "license": "ISC"
    },
    "node_modules/isarray": {
      "version": "1.0.0",
      "resolved": "https://registry.npmjs.org/isarray/-/isarray-1.0.0.tgz",
      "integrity": "sha512-VLghIWNM6ELQzo7zwmcg0NmTVyWKYjvIeM83yjp0wRDTmUnrM678fQbcKBo6n2CJEF0szoG//ytg+TKla89ALQ=="
    },
    "node_modules/lodash.snakecase": {
      "version": "4.1.1",
      "license": "MIT"
    },
    "node_modules/lodash.uniqwith": {
      "version": "4.5.0",
      "license": "MIT"
    },
    "node_modules/mysql": {
      "version": "2.18.1",
      "resolved": "https://registry.npmjs.org/mysql/-/mysql-2.18.1.tgz",
      "integrity": "sha512-Bca+gk2YWmqp2Uf6k5NFEurwY/0td0cpebAucFpY/3jhrwrVGuxU2uQFCHjU19SJfje0yQvi+rVWdq78hR5lig==",
      "dependencies": {
        "bignumber.js": "9.0.0",
        "readable-stream": "2.3.7",
        "safe-buffer": "5.1.2",
        "sqlstring": "2.3.1"
      },
      "engines": {
        "node": ">= 0.6"
      }
    },
    "node_modules/mysql/node_modules/readable-stream": {
      "version": "2.3.7",
      "resolved": "https://registry.npmjs.org/readable-stream/-/readable-stream-2.3.7.tgz",
      "integrity": "sha512-Ebho8K4jIbHAxnuxi7o42OrZgF/ZTNcsZj6nRKyUmkhLFq8CHItp/fy6hQZuZmP/n3yZ9VBUbp4zz/mX8hmYPw==",
      "dependencies": {
        "core-util-is": "~1.0.0",
        "inherits": "~2.0.3",
        "isarray": "~1.0.0",
        "process-nextick-args": "~2.0.0",
        "safe-buffer": "~5.1.1",
        "string_decoder": "~1.1.1",
        "util-deprecate": "~1.0.1"
      }
    },
    "node_modules/mysql/node_modules/safe-buffer": {
      "version": "5.1.2",
      "resolved": "https://registry.npmjs.org/safe-buffer/-/safe-buffer-5.1.2.tgz",
      "integrity": "sha512-Gd2UZBJDkXlY7GbJxfsE8/nvKkUEU1G38c1siN6QP6a9PT9MmHB8GnpscSmMJSoF8LOIrt8ud/wPtojys4G6+g=="
    },
    "node_modules/mysql/node_modules/string_decoder": {
      "version": "1.1.1",
      "resolved": "https://registry.npmjs.org/string_decoder/-/string_decoder-1.1.1.tgz",
      "integrity": "sha512-n/ShnvDi6FHbbVfviro+WojiFzv+s8MPMHBczVePfUpDJLwoLT0ht1l4YwBCbi8pJAveEEdnkHyPyTP/mzRfwg==",
      "dependencies": {
        "safe-buffer": "~5.1.0"
      }
    },
    "node_modules/peek-readable": {
      "version": "5.0.0",
      "license": "MIT",
      "engines": {
        "node": ">=14.16"
      },
      "funding": {
        "type": "github",
        "url": "https://github.com/sponsors/Borewit"
      }
    },
    "node_modules/process-nextick-args": {
      "version": "2.0.1",
      "resolved": "https://registry.npmjs.org/process-nextick-args/-/process-nextick-args-2.0.1.tgz",
      "integrity": "sha512-3ouUOpQhtgrbOa17J7+uxOTpITYWaGP7/AhoR3+A+/1e9skrzelGi/dXzEYyvbxubEF6Wn2ypscTKiKJFFn1ag=="
    },
    "node_modules/readable-stream": {
      "version": "3.6.0",
      "license": "MIT",
      "dependencies": {
        "inherits": "^2.0.3",
        "string_decoder": "^1.1.1",
        "util-deprecate": "^1.0.1"
      },
      "engines": {
        "node": ">= 6"
      }
    },
    "node_modules/readable-web-to-node-stream": {
      "version": "3.0.2",
      "license": "MIT",
      "dependencies": {
        "readable-stream": "^3.6.0"
      },
      "engines": {
        "node": ">=8"
      },
      "funding": {
        "type": "github",
        "url": "https://github.com/sponsors/Borewit"
      }
    },
    "node_modules/safe-buffer": {
      "version": "5.2.1",
      "funding": [
        {
          "type": "github",
          "url": "https://github.com/sponsors/feross"
        },
        {
          "type": "patreon",
          "url": "https://www.patreon.com/feross"
        },
        {
          "type": "consulting",
          "url": "https://feross.org/support"
        }
      ],
      "license": "MIT"
    },
    "node_modules/sqlstring": {
      "version": "2.3.1",
      "resolved": "https://registry.npmjs.org/sqlstring/-/sqlstring-2.3.1.tgz",
      "integrity": "sha512-ooAzh/7dxIG5+uDik1z/Rd1vli0+38izZhGzSa34FwR7IbelPWCCKSNIl8jlL/F7ERvy8CB2jNeM1E9i9mXMAQ==",
      "engines": {
        "node": ">= 0.6"
      }
    },
    "node_modules/streamsearch": {
      "version": "1.1.0",
      "engines": {
        "node": ">=10.0.0"
      }
    },
    "node_modules/string_decoder": {
      "version": "1.3.0",
      "license": "MIT",
      "dependencies": {
        "safe-buffer": "~5.2.0"
      }
    },
    "node_modules/strtok3": {
      "version": "7.0.0",
      "license": "MIT",
      "dependencies": {
        "@tokenizer/token": "^0.3.0",
        "peek-readable": "^5.0.0"
      },
      "engines": {
        "node": ">=14.16"
      },
      "funding": {
        "type": "github",
        "url": "https://github.com/sponsors/Borewit"
      }
    },
    "node_modules/token-types": {
      "version": "5.0.1",
      "license": "MIT",
      "dependencies": {
        "@tokenizer/token": "^0.3.0",
        "ieee754": "^1.2.1"
      },
      "engines": {
        "node": ">=14.16"
      },
      "funding": {
        "type": "github",
        "url": "https://github.com/sponsors/Borewit"
      }
    },
    "node_modules/ts-mixer": {
      "version": "6.0.1",
      "license": "MIT"
    },
    "node_modules/tslib": {
      "version": "2.4.0",
      "license": "0BSD"
    },
    "node_modules/undici": {
      "version": "5.11.0",
      "license": "MIT",
      "dependencies": {
        "busboy": "^1.6.0"
      },
      "engines": {
        "node": ">=12.18"
      }
    },
    "node_modules/util-deprecate": {
      "version": "1.0.2",
      "license": "MIT"
    },
    "node_modules/ws": {
      "version": "8.9.0",
      "license": "MIT",
      "engines": {
        "node": ">=10.0.0"
      },
      "peerDependencies": {
        "bufferutil": "^4.0.1",
        "utf-8-validate": "^5.0.2"
      },
      "peerDependenciesMeta": {
        "bufferutil": {
          "optional": true
        },
        "utf-8-validate": {
          "optional": true
        }
      }
    }
  },
  "dependencies": {
    "@discordjs/builders": {
      "version": "1.3.0",
      "requires": {
        "@discordjs/util": "^0.1.0",
        "@sapphire/shapeshift": "^3.7.0",
        "discord-api-types": "^0.37.12",
        "fast-deep-equal": "^3.1.3",
        "ts-mixer": "^6.0.1",
        "tslib": "^2.4.0"
      }
    },
    "@discordjs/collection": {
      "version": "1.2.0"
    },
    "@discordjs/rest": {
      "version": "1.3.0",
      "requires": {
        "@discordjs/collection": "^1.2.0",
        "@discordjs/util": "^0.1.0",
        "@sapphire/async-queue": "^1.5.0",
        "@sapphire/snowflake": "^3.2.2",
        "discord-api-types": "^0.37.12",
        "file-type": "^18.0.0",
        "tslib": "^2.4.0",
        "undici": "^5.11.0"
      }
    },
    "@discordjs/util": {
      "version": "0.1.0"
    },
    "@sapphire/async-queue": {
      "version": "1.5.0"
    },
    "@sapphire/shapeshift": {
      "version": "3.7.0",
      "requires": {
        "fast-deep-equal": "^3.1.3",
        "lodash.uniqwith": "^4.5.0"
      }
    },
    "@sapphire/snowflake": {
      "version": "3.2.2"
    },
    "@tokenizer/token": {
      "version": "0.3.0"
    },
    "@types/node": {
      "version": "18.11.0"
    },
    "@types/ws": {
      "version": "8.5.3",
      "requires": {
        "@types/node": "*"
      }
    },
    "bignumber.js": {
      "version": "9.0.0",
      "resolved": "https://registry.npmjs.org/bignumber.js/-/bignumber.js-9.0.0.tgz",
      "integrity": "sha512-t/OYhhJ2SD+YGBQcjY8GzzDHEk9f3nerxjtfa6tlMXfe7frs/WozhvCNoGvpM0P3bNf3Gq5ZRMlGr5f3r4/N8A=="
    },
    "busboy": {
      "version": "1.6.0",
      "requires": {
        "streamsearch": "^1.1.0"
      }
    },
    "core-util-is": {
      "version": "1.0.3",
      "resolved": "https://registry.npmjs.org/core-util-is/-/core-util-is-1.0.3.tgz",
      "integrity": "sha512-ZQBvi1DcpJ4GDqanjucZ2Hj3wEO5pZDS89BWbkcrvdxksJorwUDDZamX9ldFkp9aw2lmBDLgkObEA4DWNJ9FYQ=="
    },
    "discord-api-types": {
      "version": "0.37.14"
    },
    "discord.js": {
      "version": "14.6.0",
      "resolved": "https://registry.npmjs.org/discord.js/-/discord.js-14.6.0.tgz",
      "integrity": "sha512-On1K7xpJZRe0KsziIaDih2ksYPhgxym/ZqV45i1f3yig4vUotikqs7qp5oXiTzQ/UTiNRCixUWFTh7vA1YBCqw==",
      "requires": {
        "@discordjs/builders": "^1.3.0",
        "@discordjs/collection": "^1.2.0",
        "@discordjs/rest": "^1.3.0",
        "@discordjs/util": "^0.1.0",
        "@sapphire/snowflake": "^3.2.2",
        "@types/ws": "^8.5.3",
        "discord-api-types": "^0.37.12",
        "fast-deep-equal": "^3.1.3",
        "lodash.snakecase": "^4.1.1",
        "tslib": "^2.4.0",
        "undici": "^5.11.0",
        "ws": "^8.9.0"
      }
    },
    "dotenv": {
      "version": "16.0.3",
      "resolved": "https://registry.npmjs.org/dotenv/-/dotenv-16.0.3.tgz",
      "integrity": "sha512-7GO6HghkA5fYG9TYnNxi14/7K9f5occMlp3zXAuSxn7CKCxt9xbNWG7yF8hTCSUchlfWSe3uLmlPfigevRItzQ=="
    },
    "fast-deep-equal": {
      "version": "3.1.3"
    },
    "file-type": {
      "version": "18.0.0",
      "requires": {
        "readable-web-to-node-stream": "^3.0.2",
        "strtok3": "^7.0.0",
        "token-types": "^5.0.1"
      }
    },
    "ieee754": {
      "version": "1.2.1"
    },
    "inherits": {
      "version": "2.0.4"
    },
    "isarray": {
      "version": "1.0.0",
      "resolved": "https://registry.npmjs.org/isarray/-/isarray-1.0.0.tgz",
      "integrity": "sha512-VLghIWNM6ELQzo7zwmcg0NmTVyWKYjvIeM83yjp0wRDTmUnrM678fQbcKBo6n2CJEF0szoG//ytg+TKla89ALQ=="
    },
    "lodash.snakecase": {
      "version": "4.1.1"
    },
    "lodash.uniqwith": {
      "version": "4.5.0"
    },
    "mysql": {
      "version": "2.18.1",
      "resolved": "https://registry.npmjs.org/mysql/-/mysql-2.18.1.tgz",
      "integrity": "sha512-Bca+gk2YWmqp2Uf6k5NFEurwY/0td0cpebAucFpY/3jhrwrVGuxU2uQFCHjU19SJfje0yQvi+rVWdq78hR5lig==",
      "requires": {
        "bignumber.js": "9.0.0",
        "readable-stream": "2.3.7",
        "safe-buffer": "5.1.2",
        "sqlstring": "2.3.1"
      },
      "dependencies": {
        "readable-stream": {
          "version": "2.3.7",
          "resolved": "https://registry.npmjs.org/readable-stream/-/readable-stream-2.3.7.tgz",
          "integrity": "sha512-Ebho8K4jIbHAxnuxi7o42OrZgF/ZTNcsZj6nRKyUmkhLFq8CHItp/fy6hQZuZmP/n3yZ9VBUbp4zz/mX8hmYPw==",
          "requires": {
            "core-util-is": "~1.0.0",
            "inherits": "~2.0.3",
            "isarray": "~1.0.0",
            "process-nextick-args": "~2.0.0",
            "safe-buffer": "~5.1.1",
            "string_decoder": "~1.1.1",
            "util-deprecate": "~1.0.1"
          }
        },
        "safe-buffer": {
          "version": "5.1.2",
          "resolved": "https://registry.npmjs.org/safe-buffer/-/safe-buffer-5.1.2.tgz",
          "integrity": "sha512-Gd2UZBJDkXlY7GbJxfsE8/nvKkUEU1G38c1siN6QP6a9PT9MmHB8GnpscSmMJSoF8LOIrt8ud/wPtojys4G6+g=="
        },
        "string_decoder": {
          "version": "1.1.1",
          "resolved": "https://registry.npmjs.org/string_decoder/-/string_decoder-1.1.1.tgz",
          "integrity": "sha512-n/ShnvDi6FHbbVfviro+WojiFzv+s8MPMHBczVePfUpDJLwoLT0ht1l4YwBCbi8pJAveEEdnkHyPyTP/mzRfwg==",
          "requires": {
            "safe-buffer": "~5.1.0"
          }
        }
      }
    },
    "peek-readable": {
      "version": "5.0.0"
    },
    "process-nextick-args": {
      "version": "2.0.1",
      "resolved": "https://registry.npmjs.org/process-nextick-args/-/process-nextick-args-2.0.1.tgz",
      "integrity": "sha512-3ouUOpQhtgrbOa17J7+uxOTpITYWaGP7/AhoR3+A+/1e9skrzelGi/dXzEYyvbxubEF6Wn2ypscTKiKJFFn1ag=="
    },
    "readable-stream": {
      "version": "3.6.0",
      "requires": {
        "inherits": "^2.0.3",
        "string_decoder": "^1.1.1",
        "util-deprecate": "^1.0.1"
      }
    },
    "readable-web-to-node-stream": {
      "version": "3.0.2",
      "requires": {
        "readable-stream": "^3.6.0"
      }
    },
    "safe-buffer": {
      "version": "5.2.1"
    },
    "sqlstring": {
      "version": "2.3.1",
      "resolved": "https://registry.npmjs.org/sqlstring/-/sqlstring-2.3.1.tgz",
      "integrity": "sha512-ooAzh/7dxIG5+uDik1z/Rd1vli0+38izZhGzSa34FwR7IbelPWCCKSNIl8jlL/F7ERvy8CB2jNeM1E9i9mXMAQ=="
    },
    "streamsearch": {
      "version": "1.1.0"
    },
    "string_decoder": {
      "version": "1.3.0",
      "requires": {
        "safe-buffer": "~5.2.0"
      }
    },
    "strtok3": {
      "version": "7.0.0",
      "requires": {
        "@tokenizer/token": "^0.3.0",
        "peek-readable": "^5.0.0"
      }
    },
    "token-types": {
      "version": "5.0.1",
      "requires": {
        "@tokenizer/token": "^0.3.0",
        "ieee754": "^1.2.1"
      }
    },
    "ts-mixer": {
      "version": "6.0.1"
    },
    "tslib": {
      "version": "2.4.0"
    },
    "undici": {
      "version": "5.11.0",
      "requires": {
        "busboy": "^1.6.0"
      }
    },
    "util-deprecate": {
      "version": "1.0.2"
    },
    "ws": {
      "version": "8.9.0",
      "requires": {}
    }
  }
}
